{
	"name": "language-pascal",
	"version": "0.1.6",
	"lockfileVersion": 1,
	"requires": true,
	"dependencies": {
		"@types/node": {
			"version": "12.12.2",
			"resolved": "https://registry.npmjs.org/@types/node/-/node-12.12.2.tgz",
			"integrity": "sha512-Dt624lmxSFhjor3/QoBAJyqKbPgPnJETqG+eUSxOYwwq5HeHh9hel1c4YAcFmCsClMESmMqcTBbfkjWK+ytCsg==",
			"dev": true
		},
		"@types/vscode": {
			"version": "1.52.0",
			"resolved": "https://registry.npmjs.org/@types/vscode/-/vscode-1.52.0.tgz",
			"integrity": "sha512-Kt3bvWzAvvF/WH9YEcrCICDp0Z7aHhJGhLJ1BxeyNP6yRjonWqWnAIh35/pXAjswAnWOABrYlF7SwXR9+1nnLA=="
		},
		"coffeescript": {
			"version": "2.5.1",
			"resolved": "https://registry.npmjs.org/coffeescript/-/coffeescript-2.5.1.tgz",
			"integrity": "sha512-J2jRPX0eeFh5VKyVnoLrfVFgLZtnnmp96WQSLAS8OrLm2wtQLcnikYKe1gViJKDH7vucjuhHvBKKBP3rKcD1tQ==",
			"dev": true
		},
		"is-extglob": {
			"version": "1.0.0",
			"resolved": "https://registry.npmjs.org/is-extglob/-/is-extglob-1.0.0.tgz",
			"integrity": "sha1-rEaBd8SUNAWgkvyPKXYMb/xiBsA=",
			"dev": true
		},
		"is-glob": {
			"version": "2.0.1",
			"resolved": "https://registry.npmjs.org/is-glob/-/is-glob-2.0.1.tgz",
			"integrity": "sha1-0Jb5JqPe1WAPP9/ZEZjLCIjC2GM=",
			"dev": true,
			"requires": {
				"is-extglob": "^1.0.0"
			}
		},
		"is-invalid-path": {
			"version": "0.1.0",
			"resolved": "https://registry.npmjs.org/is-invalid-path/-/is-invalid-path-0.1.0.tgz",
			"integrity": "sha1-MHqFWzzxqTi0TqcNLGEQYFNxTzQ=",
			"dev": true,
			"requires": {
				"is-glob": "^2.0.0"
			}
		},
		"is-url": {
			"version": "1.2.4",
			"resolved": "https://registry.npmjs.org/is-url/-/is-url-1.2.4.tgz",
			"integrity": "sha512-ITvGim8FhRiYe4IQ5uHSkj7pVaPDrCTkNd3yq3cV7iZAcJdHTUMPMEHcqSOy9xZ9qFenQCvi+2wjH9a1nXqHww==",
			"dev": true
		},
		"is-valid-path": {
			"version": "0.1.1",
			"resolved": "https://registry.npmjs.org/is-valid-path/-/is-valid-path-0.1.1.tgz",
			"integrity": "sha1-EQ+f90w39mPh7HkV60UfLbk6yd8=",
			"dev": true,
			"requires": {
				"is-invalid-path": "^0.1.0"
			}
		},
		"lru-cache": {
			"version": "5.1.1",
			"resolved": "https://registry.npmjs.org/lru-cache/-/lru-cache-5.1.1.tgz",
			"integrity": "sha512-KpNARQA3Iwv+jTA0utUVVbrh+Jlrr1Fv0e56GGzAFOXN7dk/FviaDW8LHmK52DlcH4WP2n6gI8vN1aesBFgo9w==",
			"requires": {
				"yallist": "^3.0.2"
			}
		},
		"onigasm": {
			"version": "2.2.5",
			"resolved": "https://registry.npmjs.org/onigasm/-/onigasm-2.2.5.tgz",
			"integrity": "sha512-F+th54mPc0l1lp1ZcFMyL/jTs2Tlq4SqIHKIXGZOR/VkHkF9A7Fr5rRr5+ZG/lWeRsyrClLYRq7s/yFQ/XhWCA==",
			"requires": {
				"lru-cache": "^5.1.1"
			}
		},
		"reon-convert": {
			"version": "0.1.13",
			"resolved": "https://registry.npmjs.org/reon-convert/-/reon-convert-0.1.13.tgz",
			"integrity": "sha512-7BXXp++y4VD7W+ul83wFiPzXth0omXeODSAG1zcxAPRCHiMK8n/JbAnoyEiXhLpoFUqeIuA3weenWRhSrkM5vA==",
			"dev": true,
			"requires": {
				"coffeescript": "^2.5.1",
				"is-url": "^1.2.4",
				"is-valid-path": "^0.1.1"
			}
		},
		"typescript": {
			"version": "4.3.5",
			"resolved": "https://registry.npmjs.org/typescript/-/typescript-4.3.5.tgz",
			"integrity": "sha512-DqQgihaQ9cUrskJo9kIyW/+g0Vxsk8cDtZ52a3NGh0YNTfpUSArXSohyUGnvbPazEPLu398C0UxmKSOrPumUzA==",
			"dev": true
		},
		"vscode-oniguruma": {
			"version": "1.4.0",
			"resolved": "https://registry.npmjs.org/vscode-oniguruma/-/vscode-oniguruma-1.4.0.tgz",
			"integrity": "sha512-VvTl/jIAADEqWWpEYRsOI1sXiYOTDA8KYNgK60+Mb3T+an9zPz3Cqc6RVJeYgOx/P5G+4M4jygB3X5xLLfYD0g=="
		},
		"vscode-textmate": {
			"version": "5.2.0",
			"resolved": "https://registry.npmjs.org/vscode-textmate/-/vscode-textmate-5.2.0.tgz",
			"integrity": "sha512-Uw5ooOQxRASHgu6C7GVvUxisKXfSgW4oFlO+aa+PAkgmH89O3CXxEEzNRNtHSqtXFTl0nAC1uYj0GMSH27uwtQ=="
		},
		"yallist": {
			"version": "3.1.1",
			"resolved": "https://registry.npmjs.org/yallist/-/yallist-3.1.1.tgz",
			"integrity": "sha512-a4UGQaWPH59mOXUYnAG2ewncQS4i4F43Tv3JoAM+s2VDAmS9NsK8GpDMLrCHPksFT7h3K6TOoUNn2pb7RoXx4g=="
		}
	}
}
